// !$*UTF8*$!
{
	archiveVersion = 1;
	classes = {
	};
	objectVersion = 46;
	objects = {

/* Begin PBXBuildFile section */
		7D0A42BD1BD962FF0045D166 /* AppDelegate.swift in Sources */ = {isa = PBXBuildFile; fileRef = 7D0A42BC1BD962FF0045D166 /* AppDelegate.swift */; };
		7D0A42BF1BD962FF0045D166 /* ViewController.swift in Sources */ = {isa = PBXBuildFile; fileRef = 7D0A42BE1BD962FF0045D166 /* ViewController.swift */; };
		7D0A42C21BD962FF0045D166 /* Main.storyboard in Resources */ = {isa = PBXBuildFile; fileRef = 7D0A42C01BD962FF0045D166 /* Main.storyboard */; };
		7D0A42C41BD962FF0045D166 /* Assets.xcassets in Resources */ = {isa = PBXBuildFile; fileRef = 7D0A42C31BD962FF0045D166 /* Assets.xcassets */; };
		7D0A42C71BD962FF0045D166 /* LaunchScreen.storyboard in Resources */ = {isa = PBXBuildFile; fileRef = 7D0A42C51BD962FF0045D166 /* LaunchScreen.storyboard */; };
		7D0A42D21BD962FF0045D166 /* SCLedEnergySaverTests.swift in Sources */ = {isa = PBXBuildFile; fileRef = 7D0A42D11BD962FF0045D166 /* SCLedEnergySaverTests.swift */; };
		7D0A42DD1BD962FF0045D166 /* SCLedEnergySaverUITests.swift in Sources */ = {isa = PBXBuildFile; fileRef = 7D0A42DC1BD962FF0045D166 /* SCLedEnergySaverUITests.swift */; };
/* End PBXBuildFile section */

/* Begin PBXContainerItemProxy section */
		7D0A42CE1BD962FF0045D166 /* PBXContainerItemProxy */ = {
			isa = PBXContainerItemProxy;
			containerPortal = 7D0A42B11BD962FF0045D166 /* Project object */;
			proxyType = 1;
			remoteGlobalIDString = 7D0A42B81BD962FF0045D166;
			remoteInfo = SCLedEnergySaver;
		};
		7D0A42D91BD962FF0045D166 /* PBXContainerItemProxy */ = {
			isa = PBXContainerItemProxy;
			containerPortal = 7D0A42B11BD962FF0045D166 /* Project object */;
			proxyType = 1;
			remoteGlobalIDString = 7D0A42B81BD962FF0045D166;
			remoteInfo = SCLedEnergySaver;
		};
/* End PBXContainerItemProxy section */

/* Begin PBXFileReference section */
		7D0A42B91BD962FF0045D166 /* SCLedEnergySaver.app */ = {isa = PBXFileReference; explicitFileType = wrapper.application; includeInIndex = 0; path = SCLedEnergySaver.app; sourceTree = BUILT_PRODUCTS_DIR; };
		7D0A42BC1BD962FF0045D166 /* AppDelegate.swift */ = {isa = PBXFileReference; lastKnownFileType = sourcecode.swift; path = AppDelegate.swift; sourceTree = "<group>"; };
		7D0A42BE1BD962FF0045D166 /* ViewController.swift */ = {isa = PBXFileReference; lastKnownFileType = sourcecode.swift; path = ViewController.swift; sourceTree = "<group>"; };
		7D0A42C11BD962FF0045D166 /* Base */ = {isa = PBXFileReference; lastKnownFileType = file.storyboard; name = Base; path = Base.lproj/Main.storyboard; sourceTree = "<group>"; };
		7D0A42C31BD962FF0045D166 /* Assets.xcassets */ = {isa = PBXFileReference; lastKnownFileType = folder.assetcatalog; path = Assets.xcassets; sourceTree = "<group>"; };
		7D0A42C61BD962FF0045D166 /* Base */ = {isa = PBXFileReference; lastKnownFileType = file.storyboard; name = Base; path = Base.lproj/LaunchScreen.storyboard; sourceTree = "<group>"; };
		7D0A42C81BD962FF0045D166 /* Info.plist */ = {isa = PBXFileReference; lastKnownFileType = text.plist.xml; path = Info.plist; sourceTree = "<group>"; };
		7D0A42CD1BD962FF0045D166 /* SCLedEnergySaverTests.xctest */ = {isa = PBXFileReference; explicitFileType = wrapper.cfbundle; includeInIndex = 0; path = SCLedEnergySaverTests.xctest; sourceTree = BUILT_PRODUCTS_DIR; };
		7D0A42D11BD962FF0045D166 /* SCLedEnergySaverTests.swift */ = {isa = PBXFileReference; lastKnownFileType = sourcecode.swift; path = SCLedEnergySaverTests.swift; sourceTree = "<group>"; };
		7D0A42D31BD962FF0045D166 /* Info.plist */ = {isa = PBXFileReference; lastKnownFileType = text.plist.xml; path = Info.plist; sourceTree = "<group>"; };
		7D0A42D81BD962FF0045D166 /* SCLedEnergySaverUITests.xctest */ = {isa = PBXFileReference; explicitFileType = wrapper.cfbundle; includeInIndex = 0; path = SCLedEnergySaverUITests.xctest; sourceTree = BUILT_PRODUCTS_DIR; };
		7D0A42DC1BD962FF0045D166 /* SCLedEnergySaverUITests.swift */ = {isa = PBXFileReference; lastKnownFileType = sourcecode.swift; path = SCLedEnergySaverUITests.swift; sourceTree = "<group>"; };
		7D0A42DE1BD962FF0045D166 /* Info.plist */ = {isa = PBXFileReference; lastKnownFileType = text.plist.xml; path = Info.plist; sourceTree = "<group>"; };
/* End PBXFileReference section */

/* Begin PBXFrameworksBuildPhase section */
		7D0A42B61BD962FF0045D166 /* Frameworks */ = {
			isa = PBXFrameworksBuildPhase;
			buildActionMask = 2147483647;
			files = (
			);
			runOnlyForDeploymentPostprocessing = 0;
		};
		7D0A42CA1BD962FF0045D166 /* Frameworks */ = {
			isa = PBXFrameworksBuildPhase;
			buildActionMask = 2147483647;
			files = (
			);
			runOnlyForDeploymentPostprocessing = 0;
		};
		7D0A42D51BD962FF0045D166 /* Frameworks */ = {
			isa = PBXFrameworksBuildPhase;
			buildActionMask = 2147483647;
			files = (
			);
			runOnlyForDeploymentPostprocessing = 0;
		};
/* End PBXFrameworksBuildPhase section */

/* Begin PBXGroup section */
		7D0A42B01BD962FF0045D166 = {
			isa = PBXGroup;
			children = (
				7D0A42BB1BD962FF0045D166 /* SCLedEnergySaver */,
				7D0A42D01BD962FF0045D166 /* SCLedEnergySaverTests */,
				7D0A42DB1BD962FF0045D166 /* SCLedEnergySaverUITests */,
				7D0A42BA1BD962FF0045D166 /* Products */,
			);
			sourceTree = "<group>";
		};
		7D0A42BA1BD962FF0045D166 /* Products */ = {
			isa = PBXGroup;
			children = (
				7D0A42B91BD962FF0045D166 /* SCLedEnergySaver.app */,
				7D0A42CD1BD962FF0045D166 /* SCLedEnergySaverTests.xctest */,
				7D0A42D81BD962FF0045D166 /* SCLedEnergySaverUITests.xctest */,
			);
			name = Products;
			sourceTree = "<group>";
		};
		7D0A42BB1BD962FF0045D166 /* SCLedEnergySaver */ = {
			isa = PBXGroup;
			children = (
				7D0A42BC1BD962FF0045D166 /* AppDelegate.swift */,
				7D0A42BE1BD962FF0045D166 /* ViewController.swift */,
				7D0A42C01BD962FF0045D166 /* Main.storyboard */,
				7D0A42C31BD962FF0045D166 /* Assets.xcassets */,
				7D0A42C51BD962FF0045D166 /* LaunchScreen.storyboard */,
				7D0A42C81BD962FF0045D166 /* Info.plist */,
			);
			path = SCLedEnergySaver;
			sourceTree = "<group>";
		};
		7D0A42D01BD962FF0045D166 /* SCLedEnergySaverTests */ = {
			isa = PBXGroup;
			children = (
				7D0A42D11BD962FF0045D166 /* SCLedEnergySaverTests.swift */,
				7D0A42D31BD962FF0045D166 /* Info.plist */,
			);
			path = SCLedEnergySaverTests;
			sourceTree = "<group>";
		};
		7D0A42DB1BD962FF0045D166 /* SCLedEnergySaverUITests */ = {
			isa = PBXGroup;
			children = (
				7D0A42DC1BD962FF0045D166 /* SCLedEnergySaverUITests.swift */,
				7D0A42DE1BD962FF0045D166 /* Info.plist */,
			);
			path = SCLedEnergySaverUITests;
			sourceTree = "<group>";
		};
/* End PBXGroup section */

/* Begin PBXNativeTarget section */
		7D0A42B81BD962FF0045D166 /* SCLedEnergySaver */ = {
			isa = PBXNativeTarget;
			buildConfigurationList = 7D0A42E11BD962FF0045D166 /* Build configuration list for PBXNativeTarget "SCLedEnergySaver" */;
			buildPhases = (
				7D0A42B51BD962FF0045D166 /* Sources */,
				7D0A42B61BD962FF0045D166 /* Frameworks */,
				7D0A42B71BD962FF0045D166 /* Resources */,
			);
			buildRules = (
			);
			dependencies = (
			);
			name = SCLedEnergySaver;
			productName = SCLedEnergySaver;
			productReference = 7D0A42B91BD962FF0045D166 /* SCLedEnergySaver.app */;
			productType = "com.apple.product-type.application";
		};
		7D0A42CC1BD962FF0045D166 /* SCLedEnergySaverTests */ = {
			isa = PBXNativeTarget;
			buildConfigurationList = 7D0A42E41BD962FF0045D166 /* Build configuration list for PBXNativeTarget "SCLedEnergySaverTests" */;
			buildPhases = (
				7D0A42C91BD962FF0045D166 /* Sources */,
				7D0A42CA1BD962FF0045D166 /* Frameworks */,
				7D0A42CB1BD962FF0045D166 /* Resources */,
			);
			buildRules = (
			);
			dependencies = (
				7D0A42CF1BD962FF0045D166 /* PBXTargetDependency */,
			);
			name = SCLedEnergySaverTests;
			productName = SCLedEnergySaverTests;
			productReference = 7D0A42CD1BD962FF0045D166 /* SCLedEnergySaverTests.xctest */;
			productType = "com.apple.product-type.bundle.unit-test";
		};
		7D0A42D71BD962FF0045D166 /* SCLedEnergySaverUITests */ = {
			isa = PBXNativeTarget;
			buildConfigurationList = 7D0A42E71BD962FF0045D166 /* Build configuration list for PBXNativeTarget "SCLedEnergySaverUITests" */;
			buildPhases = (
				7D0A42D41BD962FF0045D166 /* Sources */,
				7D0A42D51BD962FF0045D166 /* Frameworks */,
				7D0A42D61BD962FF0045D166 /* Resources */,
			);
			buildRules = (
			);
			dependencies = (
				7D0A42DA1BD962FF0045D166 /* PBXTargetDependency */,
			);
			name = SCLedEnergySaverUITests;
			productName = SCLedEnergySaverUITests;
			productReference = 7D0A42D81BD962FF0045D166 /* SCLedEnergySaverUITests.xctest */;
			productType = "com.apple.product-type.bundle.ui-testing";
		};
/* End PBXNativeTarget section */

/* Begin PBXProject section */
		7D0A42B11BD962FF0045D166 /* Project object */ = {
			isa = PBXProject;
			attributes = {
				LastUpgradeCheck = 0700;
				ORGANIZATIONNAME = SadCoat;
				TargetAttributes = {
					7D0A42B81BD962FF0045D166 = {
						CreatedOnToolsVersion = 7.0.1;
					};
					7D0A42CC1BD962FF0045D166 = {
						CreatedOnToolsVersion = 7.0.1;
						TestTargetID = 7D0A42B81BD962FF0045D166;
					};
					7D0A42D71BD962FF0045D166 = {
						CreatedOnToolsVersion = 7.0.1;
						TestTargetID = 7D0A42B81BD962FF0045D166;
					};
				};
			};
			buildConfigurationList = 7D0A42B41BD962FF0045D166 /* Build configuration list for PBXProject "SCLedEnergySaver" */;
			compatibilityVersion = "Xcode 3.2";
			developmentRegion = English;
			hasScannedForEncodings = 0;
			knownRegions = (
				en,
				Base,
			);
			mainGroup = 7D0A42B01BD962FF0045D166;
			productRefGroup = 7D0A42BA1BD962FF0045D166 /* Products */;
			projectDirPath = "";
			projectRoot = "";
			targets = (
				7D0A42B81BD962FF0045D166 /* SCLedEnergySaver */,
				7D0A42CC1BD962FF0045D166 /* SCLedEnergySaverTests */,
				7D0A42D71BD962FF0045D166 /* SCLedEnergySaverUITests */,
			);
		};
/* End PBXProject section */

/* Begin PBXResourcesBuildPhase section */
		7D0A42B71BD962FF0045D166 /* Resources */ = {
			isa = PBXResourcesBuildPhase;
			buildActionMask = 2147483647;
			files = (
				7D0A42C71BD962FF0045D166 /* LaunchScreen.storyboard in Resources */,
				7D0A42C41BD962FF0045D166 /* Assets.xcassets in Resources */,
				7D0A42C21BD962FF0045D166 /* Main.storyboard in Resources */,
			);
			runOnlyForDeploymentPostprocessing = 0;
		};
		7D0A42CB1BD962FF0045D166 /* Resources */ = {
			isa = PBXResourcesBuildPhase;
			buildActionMask = 2147483647;
			files = (
			);
			runOnlyForDeploymentPostprocessing = 0;
		};
		7D0A42D61BD962FF0045D166 /* Resources */ = {
			isa = PBXResourcesBuildPhase;
			buildActionMask = 2147483647;
			files = (
			);
			runOnlyForDeploymentPostprocessing = 0;
		};
/* End PBXResourcesBuildPhase section */

/* Begin PBXSourcesBuildPhase section */
		7D0A42B51BD962FF0045D166 /* Sources */ = {
			isa = PBXSourcesBuildPhase;
			buildActionMask = 2147483647;
			files = (
				7D0A42BF1BD962FF0045D166 /* ViewController.swift in Sources */,
				7D0A42BD1BD962FF0045D166 /* AppDelegate.swift in Sources */,
			);
			runOnlyForDeploymentPostprocessing = 0;
		};
		7D0A42C91BD962FF0045D166 /* Sources */ = {
			isa = PBXSourcesBuildPhase;
			buildActionMask = 2147483647;
			files = (
				7D0A42D21BD962FF0045D166 /* SCLedEnergySaverTests.swift in Sources */,
			);
			runOnlyForDeploymentPostprocessing = 0;
		};
		7D0A42D41BD962FF0045D166 /* Sources */ = {
			isa = PBXSourcesBuildPhase;
			buildActionMask = 2147483647;
			files = (
				7D0A42DD1BD962FF0045D166 /* SCLedEnergySaverUITests.swift in Sources */,
			);
			runOnlyForDeploymentPostprocessing = 0;
		};
/* End PBXSourcesBuildPhase section */

/* Begin PBXTargetDependency section */
		7D0A42CF1BD962FF0045D166 /* PBXTargetDependency */ = {
			isa = PBXTargetDependency;
			target = 7D0A42B81BD962FF0045D166 /* SCLedEnergySaver */;
			targetProxy = 7D0A42CE1BD962FF0045D166 /* PBXContainerItemProxy */;
		};
		7D0A42DA1BD962FF0045D166 /* PBXTargetDependency */ = {
			isa = PBXTargetDependency;
			target = 7D0A42B81BD962FF0045D166 /* SCLedEnergySaver */;
			targetProxy = 7D0A42D91BD962FF0045D166 /* PBXContainerItemProxy */;
		};
/* End PBXTargetDependency section */

/* Begin PBXVariantGroup section */
		7D0A42C01BD962FF0045D166 /* Main.storyboard */ = {
			isa = PBXVariantGroup;
			children = (
				7D0A42C11BD962FF0045D166 /* Base */,
			);
			name = Main.storyboard;
			sourceTree = "<group>";
		};
		7D0A42C51BD962FF0045D166 /* LaunchScreen.storyboard */ = {
			isa = PBXVariantGroup;
			children = (
				7D0A42C61BD962FF0045D166 /* Base */,
			);
			name = LaunchScreen.storyboard;
			sourceTree = "<group>";
		};
/* End PBXVariantGroup section */

/* Begin XCBuildConfiguration section */
		7D0A42DF1BD962FF0045D166 /* Debug */ = {
			isa = XCBuildConfiguration;
			buildSettings = {
				ALWAYS_SEARCH_USER_PATHS = NO;
				CLANG_CXX_LANGUAGE_STANDARD = "gnu++0x";
				CLANG_CXX_LIBRARY = "libc++";
				CLANG_ENABLE_MODULES = YES;
				CLANG_ENABLE_OBJC_ARC = YES;
				CLANG_WARN_BOOL_CONVERSION = YES;
				CLANG_WARN_CONSTANT_CONVERSION = YES;
				CLANG_WARN_DIRECT_OBJC_ISA_USAGE = YES_ERROR;
				CLANG_WARN_EMPTY_BODY = YES;
				CLANG_WARN_ENUM_CONVERSION = YES;
				CLANG_WARN_INT_CONVERSION = YES;
				CLANG_WARN_OBJC_ROOT_CLASS = YES_ERROR;
				CLANG_WARN_UNREACHABLE_CODE = YES;
				CLANG_WARN__DUPLICATE_METHOD_MATCH = YES;
				"CODE_SIGN_IDENTITY[sdk=iphoneos*]" = "iPhone Developer";
				COPY_PHASE_STRIP = NO;
				DEBUG_INFORMATION_FORMAT = dwarf;
				ENABLE_STRICT_OBJC_MSGSEND = YES;
				ENABLE_TESTABILITY = YES;
				GCC_C_LANGUAGE_STANDARD = gnu99;
				GCC_DYNAMIC_NO_PIC = NO;
				GCC_NO_COMMON_BLOCKS = YES;
				GCC_OPTIMIZATION_LEVEL = 0;
				GCC_PREPROCESSOR_DEFINITIONS = (
					"DEBUG=1",
					"$(inherited)",
				);
				GCC_WARN_64_TO_32_BIT_CONVERSION = YES;
				GCC_WARN_ABOUT_RETURN_TYPE = YES_ERROR;
				GCC_WARN_UNDECLARED_SELECTOR = YES;
				GCC_WARN_UNINITIALIZED_AUTOS = YES_AGGRESSIVE;
				GCC_WARN_UNUSED_FUNCTION = YES;
				GCC_WARN_UNUSED_VARIABLE = YES;
				IPHONEOS_DEPLOYMENT_TARGET = 9.0;
				MTL_ENABLE_DEBUG_INFO = YES;
				ONLY_ACTIVE_ARCH = YES;
				SDKROOT = iphoneos;
				SWIFT_OPTIMIZATION_LEVEL = "-Onone";
			};
			name = Debug;
		};
		7D0A42E01BD962FF0045D166 /* Release */ = {
			isa = XCBuildConfiguration;
			buildSettings = {
				ALWAYS_SEARCH_USER_PATHS = NO;
				CLANG_CXX_LANGUAGE_STANDARD = "gnu++0x";
				CLANG_CXX_LIBRARY = "libc++";
				CLANG_ENABLE_MODULES = YES;
				CLANG_ENABLE_OBJC_ARC = YES;
				CLANG_WARN_BOOL_CONVERSION = YES;
				CLANG_WARN_CONSTANT_CONVERSION = YES;
				CLANG_WARN_DIRECT_OBJC_ISA_USAGE = YES_ERROR;
				CLANG_WARN_EMPTY_BODY = YES;
				CLANG_WARN_ENUM_CONVERSION = YES;
				CLANG_WARN_INT_CONVERSION = YES;
				CLANG_WARN_OBJC_ROOT_CLASS = YES_ERROR;
				CLANG_WARN_UNREACHABLE_CODE = YES;
				CLANG_WARN__DUPLICATE_METHOD_MATCH = YES;
				"CODE_SIGN_IDENTITY[sdk=iphoneos*]" = "iPhone Developer";
				COPY_PHASE_STRIP = NO;
				DEBUG_INFORMATION_FORMAT = "dwarf-with-dsym";
				ENABLE_NS_ASSERTIONS = NO;
				ENABLE_STRICT_OBJC_MSGSEND = YES;
				GCC_C_LANGUAGE_STANDARD = gnu99;
				GCC_NO_COMMON_BLOCKS = YES;
				GCC_WARN_64_TO_32_BIT_CONVERSION = YES;
				GCC_WARN_ABOUT_RETURN_TYPE = YES_ERROR;
				GCC_WARN_UNDECLARED_SELECTOR = YES;
				GCC_WARN_UNINITIALIZED_AUTOS = YES_AGGRESSIVE;
				GCC_WARN_UNUSED_FUNCTION = YES;
				GCC_WARN_UNUSED_VARIABLE = YES;
				IPHONEOS_DEPLOYMENT_TARGET = 9.0;
				MTL_ENABLE_DEBUG_INFO = NO;
				SDKROOT = iphoneos;
				VALIDATE_PRODUCT = YES;
			};
			name = Release;
		};
		7D0A42E21BD962FF0045D166 /* Debug */ = {
			isa = XCBuildConfiguration;
			buildSettings = {
				ASSETCATALOG_COMPILER_APPICON_NAME = AppIcon;
				INFOPLIST_FILE = SCLedEnergySaver/Info.plist;
				LD_RUNPATH_SEARCH_PATHS = "$(inherited) @executable_path/Frameworks";
				PRODUCT_BUNDLE_IDENTIFIER = com.sadcoat.SCLedEnergySaver;
				PRODUCT_NAME = "$(TARGET_NAME)";
			};
			name = Debug;
		};
		7D0A42E31BD962FF0045D166 /* Release */ = {
			isa = XCBuildConfiguration;
			buildSettings = {
				ASSETCATALOG_COMPILER_APPICON_NAME = AppIcon;
				INFOPLIST_FILE = SCLedEnergySaver/Info.plist;
				LD_RUNPATH_SEARCH_PATHS = "$(inherited) @executable_path/Frameworks";
				PRODUCT_BUNDLE_IDENTIFIER = com.sadcoat.SCLedEnergySaver;
				PRODUCT_NAME = "$(TARGET_NAME)";
			};
			name = Release;
		};
		7D0A42E51BD962FF0045D166 /* Debug */ = {
			isa = XCBuildConfiguration;
			buildSettings = {
				BUNDLE_LOADER = "$(TEST_HOST)";
				INFOPLIST_FILE = SCLedEnergySaverTests/Info.plist;
				LD_RUNPATH_SEARCH_PATHS = "$(inherited) @executable_path/Frameworks @loader_path/Frameworks";
				PRODUCT_BUNDLE_IDENTIFIER = com.sadcoat.SCLedEnergySaverTests;
				PRODUCT_NAME = "$(TARGET_NAME)";
				TEST_HOST = "$(BUILT_PRODUCTS_DIR)/SCLedEnergySaver.app/SCLedEnergySaver";
			};
			name = Debug;
		};
		7D0A42E61BD962FF0045D166 /* Release */ = {
			isa = XCBuildConfiguration;
			buildSettings = {
				BUNDLE_LOADER = "$(TEST_HOST)";
				INFOPLIST_FILE = SCLedEnergySaverTests/Info.plist;
				LD_RUNPATH_SEARCH_PATHS = "$(inherited) @executable_path/Frameworks @loader_path/Frameworks";
				PRODUCT_BUNDLE_IDENTIFIER = com.sadcoat.SCLedEnergySaverTests;
				PRODUCT_NAME = "$(TARGET_NAME)";
				TEST_HOST = "$(BUILT_PRODUCTS_DIR)/SCLedEnergySaver.app/SCLedEnergySaver";
			};
			name = Release;
		};
		7D0A42E81BD962FF0045D166 /* Debug */ = {
			isa = XCBuildConfiguration;
			buildSettings = {
				INFOPLIST_FILE = SCLedEnergySaverUITests/Info.plist;
				LD_RUNPATH_SEARCH_PATHS = "$(inherited) @executable_path/Frameworks @loader_path/Frameworks";
				PRODUCT_BUNDLE_IDENTIFIER = com.sadcoat.SCLedEnergySaverUITests;
				PRODUCT_NAME = "$(TARGET_NAME)";
				TEST_TARGET_NAME = SCLedEnergySaver;
				USES_XCTRUNNER = YES;
			};
			name = Debug;
		};
		7D0A42E91BD962FF0045D166 /* Release */ = {
			isa = XCBuildConfiguration;
			buildSettings = {
				INFOPLIST_FILE = SCLedEnergySaverUITests/Info.plist;
				LD_RUNPATH_SEARCH_PATHS = "$(inherited) @executable_path/Frameworks @loader_path/Frameworks";
				PRODUCT_BUNDLE_IDENTIFIER = com.sadcoat.SCLedEnergySaverUITests;
				PRODUCT_NAME = "$(TARGET_NAME)";
				TEST_TARGET_NAME = SCLedEnergySaver;
				USES_XCTRUNNER = YES;
			};
			name = Release;
		};
/* End XCBuildConfiguration section */

/* Begin XCConfigurationList section */
		7D0A42B41BD962FF0045D166 /* Build configuration list for PBXProject "SCLedEnergySaver" */ = {
			isa = XCConfigurationList;
			buildConfigurations = (
				7D0A42DF1BD962FF0045D166 /* Debug */,
				7D0A42E01BD962FF0045D166 /* Release */,
			);
			defaultConfigurationIsVisible = 0;
			defaultConfigurationName = Release;
		};
		7D0A42E11BD962FF0045D166 /* Build configuration list for PBXNativeTarget "SCLedEnergySaver" */ = {
			isa = XCConfigurationList;
			buildConfigurations = (
				7D0A42E21BD962FF0045D166 /* Debug */,
				7D0A42E31BD962FF0045D166 /* Release */,
			);
			defaultConfigurationIsVisible = 0;
		};
		7D0A42E41BD962FF0045D166 /* Build configuration list for PBXNativeTarget "SCLedEnergySaverTests" */ = {
			isa = XCConfigurationList;
			buildConfigurations = (
				7D0A42E51BD962FF0045D166 /* Debug */,
				7D0A42E61BD962FF0045D166 /* Release */,
			);
			defaultConfigurationIsVisible = 0;
		};
		7D0A42E71BD962FF0045D166 /* Build configuration list for PBXNativeTarget "SCLedEnergySaverUITests" */ = {
			isa = XCConfigurationList;
			buildConfigurations = (
				7D0A42E81BD962FF0045D166 /* Debug */,
				7D0A42E91BD962FF0045D166 /* Release */,
			);
			defaultConfigurationIsVisible = 0;
		};
/* End XCConfigurationList section */
	};
	rootObject = 7D0A42B11BD962FF0045D166 /* Project object */;
}
